// !$*UTF8*$!
{
	archiveVersion = 1;
	classes = {
	};
	objectVersion = 56;
	objects = {

/* Begin PBXBuildFile section */
		CD53D1742A88C14F003E7712 /* RegisterView.swift in Sources */ = {isa = PBXBuildFile; fileRef = CD53D1732A88C14F003E7712 /* RegisterView.swift */; };
		CD53D1772A88D09A003E7712 /* UserManager.swift in Sources */ = {isa = PBXBuildFile; fileRef = CD53D1762A88D09A003E7712 /* UserManager.swift */; };
		CD9418DB2A804181005D9CF1 /* BabyFishApp.swift in Sources */ = {isa = PBXBuildFile; fileRef = CD9418DA2A804181005D9CF1 /* BabyFishApp.swift */; };
		CD9418DD2A804181005D9CF1 /* ContentView.swift in Sources */ = {isa = PBXBuildFile; fileRef = CD9418DC2A804181005D9CF1 /* ContentView.swift */; };
		CD9418DF2A804182005D9CF1 /* Assets.xcassets in Resources */ = {isa = PBXBuildFile; fileRef = CD9418DE2A804182005D9CF1 /* Assets.xcassets */; };
		CD9418E22A804182005D9CF1 /* Preview Assets.xcassets in Resources */ = {isa = PBXBuildFile; fileRef = CD9418E12A804182005D9CF1 /* Preview Assets.xcassets */; };
		CD9418E92A804199005D9CF1 /* LoginView.swift in Sources */ = {isa = PBXBuildFile; fileRef = CD9418E82A804199005D9CF1 /* LoginView.swift */; };
		CD9418EB2A8041CD005D9CF1 /* LoginViewModel.swift in Sources */ = {isa = PBXBuildFile; fileRef = CD9418EA2A8041CD005D9CF1 /* LoginViewModel.swift */; };
		CD9418F22A804253005D9CF1 /* CommunityView.swift in Sources */ = {isa = PBXBuildFile; fileRef = CD9418F12A804253005D9CF1 /* CommunityView.swift */; };
		CDD824B32A83C64F001D4C4C /* CreatePostView.swift in Sources */ = {isa = PBXBuildFile; fileRef = CDD824B22A83C64F001D4C4C /* CreatePostView.swift */; };
		CDD824B62A83C67D001D4C4C /* MainView.swift in Sources */ = {isa = PBXBuildFile; fileRef = CDD824B52A83C67D001D4C4C /* MainView.swift */; };
		CDD824B82A83C696001D4C4C /* AddCommentView.swift in Sources */ = {isa = PBXBuildFile; fileRef = CDD824B72A83C696001D4C4C /* AddCommentView.swift */; };
		CDD824BA2A83C6BA001D4C4C /* PostDetailView.swift in Sources */ = {isa = PBXBuildFile; fileRef = CDD824B92A83C6BA001D4C4C /* PostDetailView.swift */; };
		CDD824BC2A83C6C9001D4C4C /* Comment.swift in Sources */ = {isa = PBXBuildFile; fileRef = CDD824BB2A83C6C9001D4C4C /* Comment.swift */; };
		CDD824BE2A83C6E3001D4C4C /* CommentView.swift in Sources */ = {isa = PBXBuildFile; fileRef = CDD824BD2A83C6E3001D4C4C /* CommentView.swift */; };
/* End PBXBuildFile section */

/* Begin PBXFileReference section */
		CD53D1732A88C14F003E7712 /* RegisterView.swift */ = {isa = PBXFileReference; lastKnownFileType = sourcecode.swift; path = RegisterView.swift; sourceTree = "<group>"; };
		CD53D1762A88D09A003E7712 /* UserManager.swift */ = {isa = PBXFileReference; lastKnownFileType = sourcecode.swift; path = UserManager.swift; sourceTree = "<group>"; };
		CD9418D72A804181005D9CF1 /* BabyFish.app */ = {isa = PBXFileReference; explicitFileType = wrapper.application; includeInIndex = 0; path = BabyFish.app; sourceTree = BUILT_PRODUCTS_DIR; };
		CD9418DA2A804181005D9CF1 /* BabyFishApp.swift */ = {isa = PBXFileReference; lastKnownFileType = sourcecode.swift; path = BabyFishApp.swift; sourceTree = "<group>"; };
		CD9418DC2A804181005D9CF1 /* ContentView.swift */ = {isa = PBXFileReference; lastKnownFileType = sourcecode.swift; path = ContentView.swift; sourceTree = "<group>"; };
		CD9418DE2A804182005D9CF1 /* Assets.xcassets */ = {isa = PBXFileReference; lastKnownFileType = folder.assetcatalog; path = Assets.xcassets; sourceTree = "<group>"; };
		CD9418E12A804182005D9CF1 /* Preview Assets.xcassets */ = {isa = PBXFileReference; lastKnownFileType = folder.assetcatalog; path = "Preview Assets.xcassets"; sourceTree = "<group>"; };
		CD9418E82A804199005D9CF1 /* LoginView.swift */ = {isa = PBXFileReference; lastKnownFileType = sourcecode.swift; path = LoginView.swift; sourceTree = "<group>"; };
		CD9418EA2A8041CD005D9CF1 /* LoginViewModel.swift */ = {isa = PBXFileReference; lastKnownFileType = sourcecode.swift; path = LoginViewModel.swift; sourceTree = "<group>"; };
		CD9418F12A804253005D9CF1 /* CommunityView.swift */ = {isa = PBXFileReference; lastKnownFileType = sourcecode.swift; path = CommunityView.swift; sourceTree = "<group>"; };
		CDD824B22A83C64F001D4C4C /* CreatePostView.swift */ = {isa = PBXFileReference; lastKnownFileType = sourcecode.swift; path = CreatePostView.swift; sourceTree = "<group>"; };
		CDD824B52A83C67D001D4C4C /* MainView.swift */ = {isa = PBXFileReference; lastKnownFileType = sourcecode.swift; path = MainView.swift; sourceTree = "<group>"; };
		CDD824B72A83C696001D4C4C /* AddCommentView.swift */ = {isa = PBXFileReference; lastKnownFileType = sourcecode.swift; path = AddCommentView.swift; sourceTree = "<group>"; };
		CDD824B92A83C6BA001D4C4C /* PostDetailView.swift */ = {isa = PBXFileReference; lastKnownFileType = sourcecode.swift; path = PostDetailView.swift; sourceTree = "<group>"; };
		CDD824BB2A83C6C9001D4C4C /* Comment.swift */ = {isa = PBXFileReference; lastKnownFileType = sourcecode.swift; path = Comment.swift; sourceTree = "<group>"; };
		CDD824BD2A83C6E3001D4C4C /* CommentView.swift */ = {isa = PBXFileReference; lastKnownFileType = sourcecode.swift; path = CommentView.swift; sourceTree = "<group>"; };
/* End PBXFileReference section */

/* Begin PBXFrameworksBuildPhase section */
		CD9418D42A804181005D9CF1 /* Frameworks */ = {
			isa = PBXFrameworksBuildPhase;
			buildActionMask = 2147483647;
			files = (
			);
			runOnlyForDeploymentPostprocessing = 0;
		};
/* End PBXFrameworksBuildPhase section */

/* Begin PBXGroup section */
		CD53D1722A88C0F2003E7712 /* ModelControl */ = {
			isa = PBXGroup;
			children = (
				CD9418EA2A8041CD005D9CF1 /* LoginViewModel.swift */,
				CD53D1762A88D09A003E7712 /* UserManager.swift */,
				CDD824BB2A83C6C9001D4C4C /* Comment.swift */,
			);
			path = ModelControl;
			sourceTree = "<group>";
		};
		CD9418CE2A804181005D9CF1 = {
			isa = PBXGroup;
			children = (
				CD9418D92A804181005D9CF1 /* BabyFish */,
				CD9418D82A804181005D9CF1 /* Products */,
			);
			sourceTree = "<group>";
		};
		CD9418D82A804181005D9CF1 /* Products */ = {
			isa = PBXGroup;
			children = (
				CD9418D72A804181005D9CF1 /* BabyFish.app */,
			);
			name = Products;
			sourceTree = "<group>";
		};
		CD9418D92A804181005D9CF1 /* BabyFish */ = {
			isa = PBXGroup;
			children = (
				CD53D1722A88C0F2003E7712 /* ModelControl */,
				CD9418EC2A8041F2005D9CF1 /* UIView */,
				CD9418DA2A804181005D9CF1 /* BabyFishApp.swift */,
				CD9418DC2A804181005D9CF1 /* ContentView.swift */,
				CD9418DE2A804182005D9CF1 /* Assets.xcassets */,
				CD9418E02A804182005D9CF1 /* Preview Content */,
			);
			path = BabyFish;
			sourceTree = "<group>";
		};
		CD9418E02A804182005D9CF1 /* Preview Content */ = {
			isa = PBXGroup;
			children = (
				CD9418E12A804182005D9CF1 /* Preview Assets.xcassets */,
			);
			path = "Preview Content";
			sourceTree = "<group>";
		};
		CD9418EC2A8041F2005D9CF1 /* UIView */ = {
			isa = PBXGroup;
			children = (
				CD53D1732A88C14F003E7712 /* RegisterView.swift */,
				CD9418E82A804199005D9CF1 /* LoginView.swift */,
				CD9418F12A804253005D9CF1 /* CommunityView.swift */,
				CDD824B22A83C64F001D4C4C /* CreatePostView.swift */,
				CDD824B52A83C67D001D4C4C /* MainView.swift */,
				CDD824B72A83C696001D4C4C /* AddCommentView.swift */,
				CDD824B92A83C6BA001D4C4C /* PostDetailView.swift */,
				CDD824BD2A83C6E3001D4C4C /* CommentView.swift */,
			);
			path = UIView;
			sourceTree = "<group>";
		};
/* End PBXGroup section */

/* Begin PBXNativeTarget section */
		CD9418D62A804181005D9CF1 /* BabyFish */ = {
			isa = PBXNativeTarget;
			buildConfigurationList = CD9418E52A804182005D9CF1 /* Build configuration list for PBXNativeTarget "BabyFish" */;
			buildPhases = (
				CD9418D32A804181005D9CF1 /* Sources */,
				CD9418D42A804181005D9CF1 /* Frameworks */,
				CD9418D52A804181005D9CF1 /* Resources */,
			);
			buildRules = (
			);
			dependencies = (
			);
			name = BabyFish;
			productName = BabyFish;
			productReference = CD9418D72A804181005D9CF1 /* BabyFish.app */;
			productType = "com.apple.product-type.application";
		};
/* End PBXNativeTarget section */

/* Begin PBXProject section */
		CD9418CF2A804181005D9CF1 /* Project object */ = {
			isa = PBXProject;
			attributes = {
				BuildIndependentTargetsInParallel = 1;
				LastSwiftUpdateCheck = 1430;
				LastUpgradeCheck = 1430;
				TargetAttributes = {
					CD9418D62A804181005D9CF1 = {
						CreatedOnToolsVersion = 14.3.1;
					};
				};
			};
			buildConfigurationList = CD9418D22A804181005D9CF1 /* Build configuration list for PBXProject "BabyFish" */;
			compatibilityVersion = "Xcode 14.0";
			developmentRegion = en;
			hasScannedForEncodings = 0;
			knownRegions = (
				en,
				Base,
			);
			mainGroup = CD9418CE2A804181005D9CF1;
			productRefGroup = CD9418D82A804181005D9CF1 /* Products */;
			projectDirPath = "";
			projectRoot = "";
			targets = (
				CD9418D62A804181005D9CF1 /* BabyFish */,
			);
		};
/* End PBXProject section */

/* Begin PBXResourcesBuildPhase section */
		CD9418D52A804181005D9CF1 /* Resources */ = {
			isa = PBXResourcesBuildPhase;
			buildActionMask = 2147483647;
			files = (
				CD9418E22A804182005D9CF1 /* Preview Assets.xcassets in Resources */,
				CD9418DF2A804182005D9CF1 /* Assets.xcassets in Resources */,
			);
			runOnlyForDeploymentPostprocessing = 0;
		};
/* End PBXResourcesBuildPhase section */

/* Begin PBXSourcesBuildPhase section */
		CD9418D32A804181005D9CF1 /* Sources */ = {
			isa = PBXSourcesBuildPhase;
			buildActionMask = 2147483647;
			files = (
				CD9418EB2A8041CD005D9CF1 /* LoginViewModel.swift in Sources */,
				CDD824BA2A83C6BA001D4C4C /* PostDetailView.swift in Sources */,
				CDD824B62A83C67D001D4C4C /* MainView.swift in Sources */,
				CD53D1772A88D09A003E7712 /* UserManager.swift in Sources */,
				CDD824B32A83C64F001D4C4C /* CreatePostView.swift in Sources */,
				CD9418E92A804199005D9CF1 /* LoginView.swift in Sources */,
				CD9418F22A804253005D9CF1 /* CommunityView.swift in Sources */,
				CDD824BE2A83C6E3001D4C4C /* CommentView.swift in Sources */,
				CD9418DD2A804181005D9CF1 /* ContentView.swift in Sources */,
				CDD824B82A83C696001D4C4C /* AddCommentView.swift in Sources */,
				CD53D1742A88C14F003E7712 /* RegisterView.swift in Sources */,
				CDD824BC2A83C6C9001D4C4C /* Comment.swift in Sources */,
				CD9418DB2A804181005D9CF1 /* BabyFishApp.swift in Sources */,
			);
			runOnlyForDeploymentPostprocessing = 0;
		};
/* End PBXSourcesBuildPhase section */

/* Begin XCBuildConfiguration section */
		CD9418E32A804182005D9CF1 /* Debug */ = {
			isa = XCBuildConfiguration;
			buildSettings = {
				ALWAYS_SEARCH_USER_PATHS = NO;
				CLANG_ANALYZER_NONNULL = YES;
				CLANG_ANALYZER_NUMBER_OBJECT_CONVERSION = YES_AGGRESSIVE;
				CLANG_CXX_LANGUAGE_STANDARD = "gnu++20";
				CLANG_ENABLE_MODULES = YES;
				CLANG_ENABLE_OBJC_ARC = YES;
				CLANG_ENABLE_OBJC_WEAK = YES;
				CLANG_WARN_BLOCK_CAPTURE_AUTORELEASING = YES;
				CLANG_WARN_BOOL_CONVERSION = YES;
				CLANG_WARN_COMMA = YES;
				CLANG_WARN_CONSTANT_CONVERSION = YES;
				CLANG_WARN_DEPRECATED_OBJC_IMPLEMENTATIONS = YES;
				CLANG_WARN_DIRECT_OBJC_ISA_USAGE = YES_ERROR;
				CLANG_WARN_DOCUMENTATION_COMMENTS = YES;
				CLANG_WARN_EMPTY_BODY = YES;
				CLANG_WARN_ENUM_CONVERSION = YES;
				CLANG_WARN_INFINITE_RECURSION = YES;
				CLANG_WARN_INT_CONVERSION = YES;
				CLANG_WARN_NON_LITERAL_NULL_CONVERSION = YES;
				CLANG_WARN_OBJC_IMPLICIT_RETAIN_SELF = YES;
				CLANG_WARN_OBJC_LITERAL_CONVERSION = YES;
				CLANG_WARN_OBJC_ROOT_CLASS = YES_ERROR;
				CLANG_WARN_QUOTED_INCLUDE_IN_FRAMEWORK_HEADER = YES;
				CLANG_WARN_RANGE_LOOP_ANALYSIS = YES;
				CLANG_WARN_STRICT_PROTOTYPES = YES;
				CLANG_WARN_SUSPICIOUS_MOVE = YES;
				CLANG_WARN_UNGUARDED_AVAILABILITY = YES_AGGRESSIVE;
				CLANG_WARN_UNREACHABLE_CODE = YES;
				CLANG_WARN__DUPLICATE_METHOD_MATCH = YES;
				COPY_PHASE_STRIP = NO;
				DEBUG_INFORMATION_FORMAT = dwarf;
				ENABLE_STRICT_OBJC_MSGSEND = YES;
				ENABLE_TESTABILITY = YES;
				GCC_C_LANGUAGE_STANDARD = gnu11;
				GCC_DYNAMIC_NO_PIC = NO;
				GCC_NO_COMMON_BLOCKS = YES;
				GCC_OPTIMIZATION_LEVEL = 0;
				GCC_PREPROCESSOR_DEFINITIONS = (
					"DEBUG=1",
					"$(inherited)",
				);
				GCC_WARN_64_TO_32_BIT_CONVERSION = YES;
				GCC_WARN_ABOUT_RETURN_TYPE = YES_ERROR;
				GCC_WARN_UNDECLARED_SELECTOR = YES;
				GCC_WARN_UNINITIALIZED_AUTOS = YES_AGGRESSIVE;
				GCC_WARN_UNUSED_FUNCTION = YES;
				GCC_WARN_UNUSED_VARIABLE = YES;
				IPHONEOS_DEPLOYMENT_TARGET = 16.4;
				MTL_ENABLE_DEBUG_INFO = INCLUDE_SOURCE;
				MTL_FAST_MATH = YES;
				ONLY_ACTIVE_ARCH = YES;
				SDKROOT = iphoneos;
				SWIFT_ACTIVE_COMPILATION_CONDITIONS = DEBUG;
				SWIFT_OPTIMIZATION_LEVEL = "-Onone";
			};
			name = Debug;
		};
		CD9418E42A804182005D9CF1 /* Release */ = {
			isa = XCBuildConfiguration;
			buildSettings = {
				ALWAYS_SEARCH_USER_PATHS = NO;
				CLANG_ANALYZER_NONNULL = YES;
				CLANG_ANALYZER_NUMBER_OBJECT_CONVERSION = YES_AGGRESSIVE;
				CLANG_CXX_LANGUAGE_STANDARD = "gnu++20";
				CLANG_ENABLE_MODULES = YES;
				CLANG_ENABLE_OBJC_ARC = YES;
				CLANG_ENABLE_OBJC_WEAK = YES;
				CLANG_WARN_BLOCK_CAPTURE_AUTORELEASING = YES;
				CLANG_WARN_BOOL_CONVERSION = YES;
				CLANG_WARN_COMMA = YES;
				CLANG_WARN_CONSTANT_CONVERSION = YES;
				CLANG_WARN_DEPRECATED_OBJC_IMPLEMENTATIONS = YES;
				CLANG_WARN_DIRECT_OBJC_ISA_USAGE = YES_ERROR;
				CLANG_WARN_DOCUMENTATION_COMMENTS = YES;
				CLANG_WARN_EMPTY_BODY = YES;
				CLANG_WARN_ENUM_CONVERSION = YES;
				CLANG_WARN_INFINITE_RECURSION = YES;
				CLANG_WARN_INT_CONVERSION = YES;
				CLANG_WARN_NON_LITERAL_NULL_CONVERSION = YES;
				CLANG_WARN_OBJC_IMPLICIT_RETAIN_SELF = YES;
				CLANG_WARN_OBJC_LITERAL_CONVERSION = YES;
				CLANG_WARN_OBJC_ROOT_CLASS = YES_ERROR;
				CLANG_WARN_QUOTED_INCLUDE_IN_FRAMEWORK_HEADER = YES;
				CLANG_WARN_RANGE_LOOP_ANALYSIS = YES;
				CLANG_WARN_STRICT_PROTOTYPES = YES;
				CLANG_WARN_SUSPICIOUS_MOVE = YES;
				CLANG_WARN_UNGUARDED_AVAILABILITY = YES_AGGRESSIVE;
				CLANG_WARN_UNREACHABLE_CODE = YES;
				CLANG_WARN__DUPLICATE_METHOD_MATCH = YES;
				COPY_PHASE_STRIP = NO;
				DEBUG_INFORMATION_FORMAT = "dwarf-with-dsym";
				ENABLE_NS_ASSERTIONS = NO;
				ENABLE_STRICT_OBJC_MSGSEND = YES;
				GCC_C_LANGUAGE_STANDARD = gnu11;
				GCC_NO_COMMON_BLOCKS = YES;
				GCC_WARN_64_TO_32_BIT_CONVERSION = YES;
				GCC_WARN_ABOUT_RETURN_TYPE = YES_ERROR;
				GCC_WARN_UNDECLARED_SELECTOR = YES;
				GCC_WARN_UNINITIALIZED_AUTOS = YES_AGGRESSIVE;
				GCC_WARN_UNUSED_FUNCTION = YES;
				GCC_WARN_UNUSED_VARIABLE = YES;
				IPHONEOS_DEPLOYMENT_TARGET = 16.4;
				MTL_ENABLE_DEBUG_INFO = NO;
				MTL_FAST_MATH = YES;
				SDKROOT = iphoneos;
				SWIFT_COMPILATION_MODE = wholemodule;
				SWIFT_OPTIMIZATION_LEVEL = "-O";
				VALIDATE_PRODUCT = YES;
			};
			name = Release;
		};
		CD9418E62A804182005D9CF1 /* Debug */ = {
			isa = XCBuildConfiguration;
			buildSettings = {
				ASSETCATALOG_COMPILER_APPICON_NAME = AppIcon;
				ASSETCATALOG_COMPILER_GLOBAL_ACCENT_COLOR_NAME = AccentColor;
				CODE_SIGN_STYLE = Automatic;
				CURRENT_PROJECT_VERSION = 1;
				DEVELOPMENT_ASSET_PATHS = "\"BabyFish/Preview Content\"";
				DEVELOPMENT_TEAM = 8ZM7XKUW4Z;
				ENABLE_PREVIEWS = YES;
				GENERATE_INFOPLIST_FILE = YES;
				INFOPLIST_KEY_UIApplicationSceneManifest_Generation = YES;
				INFOPLIST_KEY_UIApplicationSupportsIndirectInputEvents = YES;
				INFOPLIST_KEY_UILaunchScreen_Generation = YES;
				INFOPLIST_KEY_UISupportedInterfaceOrientations_iPad = "UIInterfaceOrientationPortrait UIInterfaceOrientationPortraitUpsideDown UIInterfaceOrientationLandscapeLeft UIInterfaceOrientationLandscapeRight";
				INFOPLIST_KEY_UISupportedInterfaceOrientations_iPhone = "UIInterfaceOrientationPortrait UIInterfaceOrientationLandscapeLeft UIInterfaceOrientationLandscapeRight";
				LD_RUNPATH_SEARCH_PATHS = (
					"$(inherited)",
					"@executable_path/Frameworks",
				);
				MARKETING_VERSION = 1.0;
				PRODUCT_BUNDLE_IDENTIFIER = Sunzichu.BabyFish;
				PRODUCT_NAME = "$(TARGET_NAME)";
				SWIFT_EMIT_LOC_STRINGS = YES;
				SWIFT_VERSION = 5.0;
				TARGETED_DEVICE_FAMILY = "1,2";
			};
			name = Debug;
		};
		CD9418E72A804182005D9CF1 /* Release */ = {
			isa = XCBuildConfiguration;
			buildSettings = {
				ASSETCATALOG_COMPILER_APPICON_NAME = AppIcon;
				ASSETCATALOG_COMPILER_GLOBAL_ACCENT_COLOR_NAME = AccentColor;
				CODE_SIGN_STYLE = Automatic;
				CURRENT_PROJECT_VERSION = 1;
				DEVELOPMENT_ASSET_PATHS = "\"BabyFish/Preview Content\"";
				DEVELOPMENT_TEAM = 8ZM7XKUW4Z;
				ENABLE_PREVIEWS = YES;
				GENERATE_INFOPLIST_FILE = YES;
				INFOPLIST_KEY_UIApplicationSceneManifest_Generation = YES;
				INFOPLIST_KEY_UIApplicationSupportsIndirectInputEvents = YES;
				INFOPLIST_KEY_UILaunchScreen_Generation = YES;
				INFOPLIST_KEY_UISupportedInterfaceOrientations_iPad = "UIInterfaceOrientationPortrait UIInterfaceOrientationPortraitUpsideDown UIInterfaceOrientationLandscapeLeft UIInterfaceOrientationLandscapeRight";
				INFOPLIST_KEY_UISupportedInterfaceOrientations_iPhone = "UIInterfaceOrientationPortrait UIInterfaceOrientationLandscapeLeft UIInterfaceOrientationLandscapeRight";
				LD_RUNPATH_SEARCH_PATHS = (
					"$(inherited)",
					"@executable_path/Frameworks",
				);
				MARKETING_VERSION = 1.0;
				PRODUCT_BUNDLE_IDENTIFIER = Sunzichu.BabyFish;
				PRODUCT_NAME = "$(TARGET_NAME)";
				SWIFT_EMIT_LOC_STRINGS = YES;
				SWIFT_VERSION = 5.0;
				TARGETED_DEVICE_FAMILY = "1,2";
			};
			name = Release;
		};
/* End XCBuildConfiguration section */

/* Begin XCConfigurationList section */
		CD9418D22A804181005D9CF1 /* Build configuration list for PBXProject "BabyFish" */ = {
			isa = XCConfigurationList;
			buildConfigurations = (
				CD9418E32A804182005D9CF1 /* Debug */,
				CD9418E42A804182005D9CF1 /* Release */,
			);
			defaultConfigurationIsVisible = 0;
			defaultConfigurationName = Release;
		};
		CD9418E52A804182005D9CF1 /* Build configuration list for PBXNativeTarget "BabyFish" */ = {
			isa = XCConfigurationList;
			buildConfigurations = (
				CD9418E62A804182005D9CF1 /* Debug */,
				CD9418E72A804182005D9CF1 /* Release */,
			);
			defaultConfigurationIsVisible = 0;
			defaultConfigurationName = Release;
		};
/* End XCConfigurationList section */
	};
	rootObject = CD9418CF2A804181005D9CF1 /* Project object */;
}
